
Microsoft Visual Studio Solution File, Format Version 12.00
Project("{FAE04EC0-301F-11D3-BF4B-00C04F79EFBC}") = "Avalonia.LibInputExperiments", "Avalonia.LibInputExperiments\Avalonia.LibInputExperiments.csproj", "{EBA3A6C8-9C2B-4D8B-84D3-FC525A05D710}"
EndProject
Project("{FAE04EC0-301F-11D3-BF4B-00C04F79EFBC}") = "Avalonia.LibInputExperiments.Spike", "Avalonia.LibInputExperiments.Spike\Avalonia.LibInputExperiments.Spike.csproj", "{BAF495B5-BA16-4234-A1DB-2846E62DA9F2}"
EndProject
Project("{2150E333-8FDC-42A3-9474-1A3956D46DE8}") = "Misc", "Misc", "{6F98C9FC-6225-4609-9EBC-268A6F54AD61}"
	ProjectSection(SolutionItems) = preProject
		README.md = README.md
		.gitignore = .gitignore
		LICENSE = LICENSE
	EndProjectSection
EndProject
Global
	GlobalSection(SolutionConfigurationPlatforms) = preSolution
		Debug|Any CPU = Debug|Any CPU
		Release|Any CPU = Release|Any CPU
	EndGlobalSection
	GlobalSection(ProjectConfigurationPlatforms) = postSolution
		{EBA3A6C8-9C2B-4D8B-84D3-FC525A05D710}.Debug|Any CPU.ActiveCfg = Debug|Any CPU
		{EBA3A6C8-9C2B-4D8B-84D3-FC525A05D710}.Debug|Any CPU.Build.0 = Debug|Any CPU
		{EBA3A6C8-9C2B-4D8B-84D3-FC525A05D710}.Release|Any CPU.ActiveCfg = Release|Any CPU
		{EBA3A6C8-9C2B-4D8B-84D3-FC525A05D710}.Release|Any CPU.Build.0 = Release|Any CPU
		{BAF495B5-BA16-4234-A1DB-2846E62DA9F2}.Debug|Any CPU.ActiveCfg = Debug|Any CPU
		{BAF495B5-BA16-4234-A1DB-2846E62DA9F2}.Debug|Any CPU.Build.0 = Debug|Any CPU
		{BAF495B5-BA16-4234-A1DB-2846E62DA9F2}.Release|Any CPU.ActiveCfg = Release|Any CPU
		{BAF495B5-BA16-4234-A1DB-2846E62DA9F2}.Release|Any CPU.Build.0 = Release|Any CPU
	EndGlobalSection
EndGlobal
